// !$*UTF8*$!
{
	archiveVersion = 1;
	classes = {
	};
	objectVersion = 46;
	objects = {

/* Begin PBXBuildFile section */
		33C69A981AFB98A800CBA965 /* main.m in Sources */ = {isa = PBXBuildFile; fileRef = 33C69A971AFB98A800CBA965 /* main.m */; };
		33C69A9B1AFB98A800CBA965 /* AppDelegate.m in Sources */ = {isa = PBXBuildFile; fileRef = 33C69A9A1AFB98A800CBA965 /* AppDelegate.m */; };
		33C69A9E1AFB98A800CBA965 /* ViewController.m in Sources */ = {isa = PBXBuildFile; fileRef = 33C69A9D1AFB98A800CBA965 /* ViewController.m */; };
		33C69AA11AFB98A800CBA965 /* Main.storyboard in Resources */ = {isa = PBXBuildFile; fileRef = 33C69A9F1AFB98A800CBA965 /* Main.storyboard */; };
		33C69AA31AFB98A800CBA965 /* Images.xcassets in Resources */ = {isa = PBXBuildFile; fileRef = 33C69AA21AFB98A800CBA965 /* Images.xcassets */; };
		33C69AA61AFB98A800CBA965 /* LaunchScreen.xib in Resources */ = {isa = PBXBuildFile; fileRef = 33C69AA41AFB98A800CBA965 /* LaunchScreen.xib */; };
		33C69AB21AFB98A800CBA965 /* jscontextestsTests.m in Sources */ = {isa = PBXBuildFile; fileRef = 33C69AB11AFB98A800CBA965 /* jscontextestsTests.m */; };
		33C69ABC1AFB98CD00CBA965 /* envTest.js in Resources */ = {isa = PBXBuildFile; fileRef = 33C69ABB1AFB98CD00CBA965 /* envTest.js */; };
/* End PBXBuildFile section */

/* Begin PBXContainerItemProxy section */
		33C69AAC1AFB98A800CBA965 /* PBXContainerItemProxy */ = {
			isa = PBXContainerItemProxy;
			containerPortal = 33C69A8A1AFB98A800CBA965 /* Project object */;
			proxyType = 1;
			remoteGlobalIDString = 33C69A911AFB98A800CBA965;
			remoteInfo = jscontextests;
		};
/* End PBXContainerItemProxy section */

/* Begin PBXFileReference section */
		33C69A921AFB98A800CBA965 /* jscontextests.app */ = {isa = PBXFileReference; explicitFileType = wrapper.application; includeInIndex = 0; path = jscontextests.app; sourceTree = BUILT_PRODUCTS_DIR; };
		33C69A961AFB98A800CBA965 /* Info.plist */ = {isa = PBXFileReference; lastKnownFileType = text.plist.xml; path = Info.plist; sourceTree = "<group>"; };
		33C69A971AFB98A800CBA965 /* main.m */ = {isa = PBXFileReference; lastKnownFileType = sourcecode.c.objc; path = main.m; sourceTree = "<group>"; };
		33C69A991AFB98A800CBA965 /* AppDelegate.h */ = {isa = PBXFileReference; lastKnownFileType = sourcecode.c.h; path = AppDelegate.h; sourceTree = "<group>"; };
		33C69A9A1AFB98A800CBA965 /* AppDelegate.m */ = {isa = PBXFileReference; lastKnownFileType = sourcecode.c.objc; path = AppDelegate.m; sourceTree = "<group>"; };
		33C69A9C1AFB98A800CBA965 /* ViewController.h */ = {isa = PBXFileReference; lastKnownFileType = sourcecode.c.h; path = ViewController.h; sourceTree = "<group>"; };
		33C69A9D1AFB98A800CBA965 /* ViewController.m */ = {isa = PBXFileReference; lastKnownFileType = sourcecode.c.objc; path = ViewController.m; sourceTree = "<group>"; };
		33C69AA01AFB98A800CBA965 /* Base */ = {isa = PBXFileReference; lastKnownFileType = file.storyboard; name = Base; path = Base.lproj/Main.storyboard; sourceTree = "<group>"; };
		33C69AA21AFB98A800CBA965 /* Images.xcassets */ = {isa = PBXFileReference; lastKnownFileType = folder.assetcatalog; path = Images.xcassets; sourceTree = "<group>"; };
		33C69AA51AFB98A800CBA965 /* Base */ = {isa = PBXFileReference; lastKnownFileType = file.xib; name = Base; path = Base.lproj/LaunchScreen.xib; sourceTree = "<group>"; };
		33C69AAB1AFB98A800CBA965 /* jscontextestsTests.xctest */ = {isa = PBXFileReference; explicitFileType = wrapper.cfbundle; includeInIndex = 0; path = jscontextestsTests.xctest; sourceTree = BUILT_PRODUCTS_DIR; };
		33C69AB01AFB98A800CBA965 /* Info.plist */ = {isa = PBXFileReference; lastKnownFileType = text.plist.xml; path = Info.plist; sourceTree = "<group>"; };
		33C69AB11AFB98A800CBA965 /* jscontextestsTests.m */ = {isa = PBXFileReference; lastKnownFileType = sourcecode.c.objc; path = jscontextestsTests.m; sourceTree = "<group>"; };
		33C69ABB1AFB98CD00CBA965 /* envTest.js */ = {isa = PBXFileReference; fileEncoding = 4; lastKnownFileType = sourcecode.javascript; path = envTest.js; sourceTree = "<group>"; };
/* End PBXFileReference section */

/* Begin PBXFrameworksBuildPhase section */
		33C69A8F1AFB98A800CBA965 /* Frameworks */ = {
			isa = PBXFrameworksBuildPhase;
			buildActionMask = 2147483647;
			files = (
			);
			runOnlyForDeploymentPostprocessing = 0;
		};
		33C69AA81AFB98A800CBA965 /* Frameworks */ = {
			isa = PBXFrameworksBuildPhase;
			buildActionMask = 2147483647;
			files = (
			);
			runOnlyForDeploymentPostprocessing = 0;
		};
/* End PBXFrameworksBuildPhase section */

/* Begin PBXGroup section */
		33C69A891AFB98A800CBA965 = {
			isa = PBXGroup;
			children = (
				33C69ABB1AFB98CD00CBA965 /* envTest.js */,
				33C69A941AFB98A800CBA965 /* jscontextests */,
				33C69AAE1AFB98A800CBA965 /* jscontextestsTests */,
				33C69A931AFB98A800CBA965 /* Products */,
			);
			sourceTree = "<group>";
		};
		33C69A931AFB98A800CBA965 /* Products */ = {
			isa = PBXGroup;
			children = (
				33C69A921AFB98A800CBA965 /* jscontextests.app */,
				33C69AAB1AFB98A800CBA965 /* jscontextestsTests.xctest */,
			);
			name = Products;
			sourceTree = "<group>";
		};
		33C69A941AFB98A800CBA965 /* jscontextests */ = {
			isa = PBXGroup;
			children = (
				33C69A991AFB98A800CBA965 /* AppDelegate.h */,
				33C69A9A1AFB98A800CBA965 /* AppDelegate.m */,
				33C69A9C1AFB98A800CBA965 /* ViewController.h */,
				33C69A9D1AFB98A800CBA965 /* ViewController.m */,
				33C69A9F1AFB98A800CBA965 /* Main.storyboard */,
				33C69AA21AFB98A800CBA965 /* Images.xcassets */,
				33C69AA41AFB98A800CBA965 /* LaunchScreen.xib */,
				33C69A951AFB98A800CBA965 /* Supporting Files */,
			);
			path = jscontextests;
			sourceTree = "<group>";
		};
		33C69A951AFB98A800CBA965 /* Supporting Files */ = {
			isa = PBXGroup;
			children = (
				33C69A961AFB98A800CBA965 /* Info.plist */,
				33C69A971AFB98A800CBA965 /* main.m */,
			);
			name = "Supporting Files";
			sourceTree = "<group>";
		};
		33C69AAE1AFB98A800CBA965 /* jscontextestsTests */ = {
			isa = PBXGroup;
			children = (
				33C69AB11AFB98A800CBA965 /* jscontextestsTests.m */,
				33C69AAF1AFB98A800CBA965 /* Supporting Files */,
			);
			path = jscontextestsTests;
			sourceTree = "<group>";
		};
		33C69AAF1AFB98A800CBA965 /* Supporting Files */ = {
			isa = PBXGroup;
			children = (
				33C69AB01AFB98A800CBA965 /* Info.plist */,
			);
			name = "Supporting Files";
			sourceTree = "<group>";
		};
/* End PBXGroup section */

/* Begin PBXNativeTarget section */
		33C69A911AFB98A800CBA965 /* jscontextests */ = {
			isa = PBXNativeTarget;
			buildConfigurationList = 33C69AB51AFB98A800CBA965 /* Build configuration list for PBXNativeTarget "jscontextests" */;
			buildPhases = (
				33C69A8E1AFB98A800CBA965 /* Sources */,
				33C69A8F1AFB98A800CBA965 /* Frameworks */,
				33C69A901AFB98A800CBA965 /* Resources */,
			);
			buildRules = (
			);
			dependencies = (
			);
			name = jscontextests;
			productName = jscontextests;
			productReference = 33C69A921AFB98A800CBA965 /* jscontextests.app */;
			productType = "com.apple.product-type.application";
		};
		33C69AAA1AFB98A800CBA965 /* jscontextestsTests */ = {
			isa = PBXNativeTarget;
			buildConfigurationList = 33C69AB81AFB98A800CBA965 /* Build configuration list for PBXNativeTarget "jscontextestsTests" */;
			buildPhases = (
				33C69AA71AFB98A800CBA965 /* Sources */,
				33C69AA81AFB98A800CBA965 /* Frameworks */,
				33C69AA91AFB98A800CBA965 /* Resources */,
			);
			buildRules = (
			);
			dependencies = (
				33C69AAD1AFB98A800CBA965 /* PBXTargetDependency */,
			);
			name = jscontextestsTests;
			productName = jscontextestsTests;
			productReference = 33C69AAB1AFB98A800CBA965 /* jscontextestsTests.xctest */;
			productType = "com.apple.product-type.bundle.unit-test";
		};
/* End PBXNativeTarget section */

/* Begin PBXProject section */
		33C69A8A1AFB98A800CBA965 /* Project object */ = {
			isa = PBXProject;
			attributes = {
				LastUpgradeCheck = 0630;
				ORGANIZATIONNAME = "Soft-Artel";
				TargetAttributes = {
					33C69A911AFB98A800CBA965 = {
						CreatedOnToolsVersion = 6.3.1;
					};
					33C69AAA1AFB98A800CBA965 = {
						CreatedOnToolsVersion = 6.3.1;
						TestTargetID = 33C69A911AFB98A800CBA965;
					};
				};
			};
			buildConfigurationList = 33C69A8D1AFB98A800CBA965 /* Build configuration list for PBXProject "jscontextests" */;
			compatibilityVersion = "Xcode 3.2";
			developmentRegion = English;
			hasScannedForEncodings = 0;
			knownRegions = (
				en,
				Base,
			);
			mainGroup = 33C69A891AFB98A800CBA965;
			productRefGroup = 33C69A931AFB98A800CBA965 /* Products */;
			projectDirPath = "";
			projectRoot = "";
			targets = (
				33C69A911AFB98A800CBA965 /* jscontextests */,
				33C69AAA1AFB98A800CBA965 /* jscontextestsTests */,
			);
		};
/* End PBXProject section */

/* Begin PBXResourcesBuildPhase section */
		33C69A901AFB98A800CBA965 /* Resources */ = {
			isa = PBXResourcesBuildPhase;
			buildActionMask = 2147483647;
			files = (
				33C69AA11AFB98A800CBA965 /* Main.storyboard in Resources */,
				33C69AA61AFB98A800CBA965 /* LaunchScreen.xib in Resources */,
				33C69ABC1AFB98CD00CBA965 /* envTest.js in Resources */,
				33C69AA31AFB98A800CBA965 /* Images.xcassets in Resources */,
			);
			runOnlyForDeploymentPostprocessing = 0;
		};
		33C69AA91AFB98A800CBA965 /* Resources */ = {
			isa = PBXResourcesBuildPhase;
			buildActionMask = 2147483647;
			files = (
			);
			runOnlyForDeploymentPostprocessing = 0;
		};
/* End PBXResourcesBuildPhase section */

/* Begin PBXSourcesBuildPhase section */
		33C69A8E1AFB98A800CBA965 /* Sources */ = {
			isa = PBXSourcesBuildPhase;
			buildActionMask = 2147483647;
			files = (
				33C69A9E1AFB98A800CBA965 /* ViewController.m in Sources */,
				33C69A9B1AFB98A800CBA965 /* AppDelegate.m in Sources */,
				33C69A981AFB98A800CBA965 /* main.m in Sources */,
			);
			runOnlyForDeploymentPostprocessing = 0;
		};
		33C69AA71AFB98A800CBA965 /* Sources */ = {
			isa = PBXSourcesBuildPhase;
			buildActionMask = 2147483647;
			files = (
				33C69AB21AFB98A800CBA965 /* jscontextestsTests.m in Sources */,
			);
			runOnlyForDeploymentPostprocessing = 0;
		};
/* End PBXSourcesBuildPhase section */

/* Begin PBXTargetDependency section */
		33C69AAD1AFB98A800CBA965 /* PBXTargetDependency */ = {
			isa = PBXTargetDependency;
			target = 33C69A911AFB98A800CBA965 /* jscontextests */;
			targetProxy = 33C69AAC1AFB98A800CBA965 /* PBXContainerItemProxy */;
		};
/* End PBXTargetDependency section */

/* Begin PBXVariantGroup section */
		33C69A9F1AFB98A800CBA965 /* Main.storyboard */ = {
			isa = PBXVariantGroup;
			children = (
				33C69AA01AFB98A800CBA965 /* Base */,
			);
			name = Main.storyboard;
			sourceTree = "<group>";
		};
		33C69AA41AFB98A800CBA965 /* LaunchScreen.xib */ = {
			isa = PBXVariantGroup;
			children = (
				33C69AA51AFB98A800CBA965 /* Base */,
			);
			name = LaunchScreen.xib;
			sourceTree = "<group>";
		};
/* End PBXVariantGroup section */

/* Begin XCBuildConfiguration section */
		33C69AB31AFB98A800CBA965 /* Debug */ = {
			isa = XCBuildConfiguration;
			buildSettings = {
				ALWAYS_SEARCH_USER_PATHS = NO;
				CLANG_CXX_LANGUAGE_STANDARD = "gnu++0x";
				CLANG_CXX_LIBRARY = "libc++";
				CLANG_ENABLE_MODULES = YES;
				CLANG_ENABLE_OBJC_ARC = YES;
				CLANG_WARN_BOOL_CONVERSION = YES;
				CLANG_WARN_CONSTANT_CONVERSION = YES;
				CLANG_WARN_DIRECT_OBJC_ISA_USAGE = YES_ERROR;
				CLANG_WARN_EMPTY_BODY = YES;
				CLANG_WARN_ENUM_CONVERSION = YES;
				CLANG_WARN_INT_CONVERSION = YES;
				CLANG_WARN_OBJC_ROOT_CLASS = YES_ERROR;
				CLANG_WARN_UNREACHABLE_CODE = YES;
				CLANG_WARN__DUPLICATE_METHOD_MATCH = YES;
				"CODE_SIGN_IDENTITY[sdk=iphoneos*]" = "iPhone Developer";
				COPY_PHASE_STRIP = NO;
				DEBUG_INFORMATION_FORMAT = "dwarf-with-dsym";
				ENABLE_STRICT_OBJC_MSGSEND = YES;
				GCC_C_LANGUAGE_STANDARD = gnu99;
				GCC_DYNAMIC_NO_PIC = NO;
				GCC_NO_COMMON_BLOCKS = YES;
				GCC_OPTIMIZATION_LEVEL = 0;
				GCC_PREPROCESSOR_DEFINITIONS = (
					"DEBUG=1",
					"$(inherited)",
				);
				GCC_SYMBOLS_PRIVATE_EXTERN = NO;
				GCC_WARN_64_TO_32_BIT_CONVERSION = YES;
				GCC_WARN_ABOUT_RETURN_TYPE = YES_ERROR;
				GCC_WARN_UNDECLARED_SELECTOR = YES;
				GCC_WARN_UNINITIALIZED_AUTOS = YES_AGGRESSIVE;
				GCC_WARN_UNUSED_FUNCTION = YES;
				GCC_WARN_UNUSED_VARIABLE = YES;
				IPHONEOS_DEPLOYMENT_TARGET = 8.3;
				MTL_ENABLE_DEBUG_INFO = YES;
				ONLY_ACTIVE_ARCH = YES;
				SDKROOT = iphoneos;
				TARGETED_DEVICE_FAMILY = "1,2";
			};
			name = Debug;
		};
		33C69AB41AFB98A800CBA965 /* Release */ = {
			isa = XCBuildConfiguration;
			buildSettings = {
				ALWAYS_SEARCH_USER_PATHS = NO;
				CLANG_CXX_LANGUAGE_STANDARD = "gnu++0x";
				CLANG_CXX_LIBRARY = "libc++";
				CLANG_ENABLE_MODULES = YES;
				CLANG_ENABLE_OBJC_ARC = YES;
				CLANG_WARN_BOOL_CONVERSION = YES;
				CLANG_WARN_CONSTANT_CONVERSION = YES;
				CLANG_WARN_DIRECT_OBJC_ISA_USAGE = YES_ERROR;
				CLANG_WARN_EMPTY_BODY = YES;
				CLANG_WARN_ENUM_CONVERSION = YES;
				CLANG_WARN_INT_CONVERSION = YES;
				CLANG_WARN_OBJC_ROOT_CLASS = YES_ERROR;
				CLANG_WARN_UNREACHABLE_CODE = YES;
				CLANG_WARN__DUPLICATE_METHOD_MATCH = YES;
				"CODE_SIGN_IDENTITY[sdk=iphoneos*]" = "iPhone Developer";
				COPY_PHASE_STRIP = NO;
				DEBUG_INFORMATION_FORMAT = "dwarf-with-dsym";
				ENABLE_NS_ASSERTIONS = NO;
				ENABLE_STRICT_OBJC_MSGSEND = YES;
				GCC_C_LANGUAGE_STANDARD = gnu99;
				GCC_NO_COMMON_BLOCKS = YES;
				GCC_WARN_64_TO_32_BIT_CONVERSION = YES;
				GCC_WARN_ABOUT_RETURN_TYPE = YES_ERROR;
				GCC_WARN_UNDECLARED_SELECTOR = YES;
				GCC_WARN_UNINITIALIZED_AUTOS = YES_AGGRESSIVE;
				GCC_WARN_UNUSED_FUNCTION = YES;
				GCC_WARN_UNUSED_VARIABLE = YES;
				IPHONEOS_DEPLOYMENT_TARGET = 8.3;
				MTL_ENABLE_DEBUG_INFO = NO;
				SDKROOT = iphoneos;
				TARGETED_DEVICE_FAMILY = "1,2";
				VALIDATE_PRODUCT = YES;
			};
			name = Release;
		};
		33C69AB61AFB98A800CBA965 /* Debug */ = {
			isa = XCBuildConfiguration;
			buildSettings = {
				ASSETCATALOG_COMPILER_APPICON_NAME = AppIcon;
				INFOPLIST_FILE = jscontextests/Info.plist;
				LD_RUNPATH_SEARCH_PATHS = "$(inherited) @executable_path/Frameworks";
				PRODUCT_NAME = "$(TARGET_NAME)";
			};
			name = Debug;
		};
		33C69AB71AFB98A800CBA965 /* Release */ = {
			isa = XCBuildConfiguration;
			buildSettings = {
				ASSETCATALOG_COMPILER_APPICON_NAME = AppIcon;
				INFOPLIST_FILE = jscontextests/Info.plist;
				LD_RUNPATH_SEARCH_PATHS = "$(inherited) @executable_path/Frameworks";
				PRODUCT_NAME = "$(TARGET_NAME)";
			};
			name = Release;
		};
		33C69AB91AFB98A800CBA965 /* Debug */ = {
			isa = XCBuildConfiguration;
			buildSettings = {
				BUNDLE_LOADER = "$(TEST_HOST)";
				FRAMEWORK_SEARCH_PATHS = (
					"$(SDKROOT)/Developer/Library/Frameworks",
					"$(inherited)",
				);
				GCC_PREPROCESSOR_DEFINITIONS = (
					"DEBUG=1",
					"$(inherited)",
				);
				INFOPLIST_FILE = jscontextestsTests/Info.plist;
				LD_RUNPATH_SEARCH_PATHS = "$(inherited) @executable_path/Frameworks @loader_path/Frameworks";
				PRODUCT_NAME = "$(TARGET_NAME)";
				TEST_HOST = "$(BUILT_PRODUCTS_DIR)/jscontextests.app/jscontextests";
			};
			name = Debug;
		};
		33C69ABA1AFB98A800CBA965 /* Release */ = {
			isa = XCBuildConfiguration;
			buildSettings = {
				BUNDLE_LOADER = "$(TEST_HOST)";
				FRAMEWORK_SEARCH_PATHS = (
					"$(SDKROOT)/Developer/Library/Frameworks",
					"$(inherited)",
				);
				INFOPLIST_FILE = jscontextestsTests/Info.plist;
				LD_RUNPATH_SEARCH_PATHS = "$(inherited) @executable_path/Frameworks @loader_path/Frameworks";
				PRODUCT_NAME = "$(TARGET_NAME)";
				TEST_HOST = "$(BUILT_PRODUCTS_DIR)/jscontextests.app/jscontextests";
			};
			name = Release;
		};
/* End XCBuildConfiguration section */

/* Begin XCConfigurationList section */
		33C69A8D1AFB98A800CBA965 /* Build configuration list for PBXProject "jscontextests" */ = {
			isa = XCConfigurationList;
			buildConfigurations = (
				33C69AB31AFB98A800CBA965 /* Debug */,
				33C69AB41AFB98A800CBA965 /* Release */,
			);
			defaultConfigurationIsVisible = 0;
			defaultConfigurationName = Release;
		};
		33C69AB51AFB98A800CBA965 /* Build configuration list for PBXNativeTarget "jscontextests" */ = {
			isa = XCConfigurationList;
			buildConfigurations = (
				33C69AB61AFB98A800CBA965 /* Debug */,
				33C69AB71AFB98A800CBA965 /* Release */,
			);
			defaultConfigurationIsVisible = 0;
		};
		33C69AB81AFB98A800CBA965 /* Build configuration list for PBXNativeTarget "jscontextestsTests" */ = {
			isa = XCConfigurationList;
			buildConfigurations = (
				33C69AB91AFB98A800CBA965 /* Debug */,
				33C69ABA1AFB98A800CBA965 /* Release */,
			);
			defaultConfigurationIsVisible = 0;
		};
/* End XCConfigurationList section */
	};
	rootObject = 33C69A8A1AFB98A800CBA965 /* Project object */;
}
